{
  "nodes": {
    "flake-utils": {
      "locked": {
        "lastModified": 1644229661,
        "narHash": "sha256-1YdnJAsNy69bpcjuoKdOYQX0YxZBiCYZo4Twxerqv7k=",
        "owner": "numtide",
        "repo": "flake-utils",
        "rev": "3cecb5b042f7f209c56ffd8371b2711a290ec797",
        "type": "github"
      },
      "original": {
        "owner": "numtide",
        "repo": "flake-utils",
        "type": "github"
      }
    },
    "nixpkgs": {
      "locked": {
        "lastModified": 1645034464,
        "narHash": "sha256-kSag3x5ztMDlVsXHyviORtblKPVsfV8sGsN5f7Q48Ig=",
        "owner": "nixos",
        "repo": "nixpkgs",
        "rev": "a6d6edf3533bb78164e8aab5fd89f59504ea9381",
        "type": "github"
      },
      "original": {
        "owner": "nixos",
        "ref": "staging-next",
        "repo": "nixpkgs",
        "type": "github"
      }
    },
    "root": {
      "inputs": {
        "flake-utils": "flake-utils",
        "nixpkgs": "nixpkgs",
        "rust-overlay": "rust-overlay"
      }
    },
    "rust-overlay": {
      "flake": false,
      "locked": {
        "lastModified": 1644978925,
        "narHash": "sha256-135oqknTCNLe62WpHdv18umHXxJVhzaA1SVBxxYHp/E=",
        "owner": "oxalica",
        "repo": "rust-overlay",
        "rev": "e55ef9daac4ed57d7b30c649fdbc380c9c0f8e04",
        "type": "github"
      },
      "original": {
        "owner": "oxalica",
        "repo": "rust-overlay",
        "type": "github"
      }
    }
  },
  "root": "root",
  "version": 7
}
