{
  "nodes": {
    "crane": {
      "locked": {
        "lastModified": 1739936662,
        "narHash": "sha256-x4syUjNUuRblR07nDPeLDP7DpphaBVbUaSoeZkFbGSk=",
        "owner": "ipetkov",
        "repo": "crane",
        "rev": "19de14aaeb869287647d9461cbd389187d8ecdb7",
        "type": "github"
      },
      "original": {
        "owner": "ipetkov",
        "repo": "crane",
        "type": "github"
      }
    },
    "flake-parts": {
      "inputs": {
        "nixpkgs-lib": [
          "nixpkgs"
        ]
      },
      "locked": {
        "lastModified": 1738453229,
        "narHash": "sha256-7H9XgNiGLKN1G1CgRh0vUL4AheZSYzPm+zmZ7vxbJdo=",
        "owner": "hercules-ci",
        "repo": "flake-parts",
        "rev": "32ea77a06711b758da0ad9bd6a844c5740a87abd",
        "type": "github"
      },
      "original": {
        "owner": "hercules-ci",
        "repo": "flake-parts",
        "type": "github"
      }
    },
    "nixpkgs": {
      "locked": {
        "lastModified": 1740339700,
        "narHash": "sha256-cbrw7EgQhcdFnu6iS3vane53bEagZQy/xyIkDWpCgVE=",
        "owner": "nixos",
        "repo": "nixpkgs",
        "rev": "04ef94c4c1582fd485bbfdb8c4a8ba250e359195",
        "type": "github"
      },
      "original": {
        "owner": "nixos",
        "ref": "release-24.11",
        "repo": "nixpkgs",
        "type": "github"
      }
    },
    "root": {
      "inputs": {
        "crane": "crane",
        "flake-parts": "flake-parts",
        "nixpkgs": "nixpkgs",
        "rust-overlay": "rust-overlay",
        "shelly": "shelly",
        "treefmt-nix": "treefmt-nix"
      }
    },
    "rust-overlay": {
      "inputs": {
        "nixpkgs": [
          "nixpkgs"
        ]
      },
      "locked": {
        "lastModified": 1740277845,
        "narHash": "sha256-NNU0CdiaSbAeZ8tpDG4aFi9qtcdlItRvk8Xns9oBrVU=",
        "owner": "oxalica",
        "repo": "rust-overlay",
        "rev": "f933070c29f9c1c5457447a51903f27f76ebb519",
        "type": "github"
      },
      "original": {
        "owner": "oxalica",
        "repo": "rust-overlay",
        "type": "github"
      }
    },
    "shelly": {
      "locked": {
        "lastModified": 1737089050,
        "narHash": "sha256-SQ22z9L7fSC8FWNIlImpKeBGBUPoWpsTy9uc75o7uK0=",
        "owner": "CertainLach",
        "repo": "shelly",
        "rev": "b5fa6bb56dcd1541ec399ceab1e95a74872ecd34",
        "type": "github"
      },
      "original": {
        "owner": "CertainLach",
        "repo": "shelly",
        "type": "github"
      }
    },
    "treefmt-nix": {
      "inputs": {
        "nixpkgs": [
          "nixpkgs"
        ]
      },
      "locked": {
        "lastModified": 1744961264,
        "narHash": "sha256-aRmUh0AMwcbdjJHnytg1e5h5ECcaWtIFQa6d9gI85AI=",
        "owner": "numtide",
        "repo": "treefmt-nix",
        "rev": "8d404a69efe76146368885110f29a2ca3700bee6",
        "type": "github"
      },
      "original": {
        "owner": "numtide",
        "repo": "treefmt-nix",
        "type": "github"
      }
    }
  },
  "root": "root",
  "version": 7
}
